# This file is automatically @generated by Cargo.
# It is not intended for manual editing.
version = 3

[[package]]
name = "nous-core"
version = "0.1.0"

[[package]]
name = "nous-ui"
version = "0.1.0"
dependencies = [
 "nous-core",
]

[[package]]
name = "nousctl"
version = "0.1.0"
dependencies = [
 "nous-core",
]

[[package]]
name = "nousd"
version = "0.1.0"
dependencies = [
 "nous-core",
]

[[package]]
name = "nsh"
version = "0.1.0"
dependencies = [
 "nous-core",
]
